
Microsoft Visual Studio Solution File, Format Version 12.00
# Visual Studio Version 17
VisualStudioVersion = 17.4.33103.184
MinimumVisualStudioVersion = 10.0.40219.1
Project("{FAE04EC0-301F-11D3-BF4B-00C04F79EFBC}") = "DemoWebApi", "DemoWebApi\DemoWebApi.csproj", "{2A5B5BAC-F54C-43F3-AFEF-699A3DCCF888}"
EndProject
Global
	GlobalSection(SolutionConfigurationPlatforms) = preSolution
		Debug|Any CPU = Debug|Any CPU
		Release|Any CPU = Release|Any CPU
	EndGlobalSection
	GlobalSection(ProjectConfigurationPlatforms) = postSolution
		{2A5B5BAC-F54C-43F3-AFEF-699A3DCCF888}.Debug|Any CPU.ActiveCfg = Debug|Any CPU
		{2A5B5BAC-F54C-43F3-AFEF-699A3DCCF888}.Debug|Any CPU.Build.0 = Debug|Any CPU
		{2A5B5BAC-F54C-43F3-AFEF-699A3DCCF888}.Release|Any CPU.ActiveCfg = Release|Any CPU
		{2A5B5BAC-F54C-43F3-AFEF-699A3DCCF888}.Release|Any CPU.Build.0 = Release|Any CPU
	EndGlobalSection
	GlobalSection(SolutionProperties) = preSolution
		HideSolutionNode = FALSE
	EndGlobalSection
	GlobalSection(ExtensibilityGlobals) = postSolution
		SolutionGuid = {5F2C013A-2E40-4463-B502-ACD5A95CD600}
	EndGlobalSection
EndGlobal
